
Microsoft Visual Studio Solution File, Format Version 12.00
# Visual Studio Version 17
VisualStudioVersion = 17.9.34723.18
MinimumVisualStudioVersion = 10.0.40219.1
Project("{8BC9CEB8-8B4A-11D0-8D11-00A0C91BC942}") = "Test34", "Test34\Test34.vcxproj", "{EC2F7823-E56D-480D-9BCD-12BB2BBA1040}"
EndProject
Global
	GlobalSection(SolutionConfigurationPlatforms) = preSolution
		Debug|x64 = Debug|x64
		Debug|x86 = Debug|x86
		Release|x64 = Release|x64
		Release|x86 = Release|x86
	EndGlobalSection
	GlobalSection(ProjectConfigurationPlatforms) = postSolution
		{EC2F7823-E56D-480D-9BCD-12BB2BBA1040}.Debug|x64.ActiveCfg = Debug|x64
		{EC2F7823-E56D-480D-9BCD-12BB2BBA1040}.Debug|x64.Build.0 = Debug|x64
		{EC2F7823-E56D-480D-9BCD-12BB2BBA1040}.Debug|x86.ActiveCfg = Debug|Win32
		{EC2F7823-E56D-480D-9BCD-12BB2BBA1040}.Debug|x86.Build.0 = Debug|Win32
		{EC2F7823-E56D-480D-9BCD-12BB2BBA1040}.Release|x64.ActiveCfg = Release|x64
		{EC2F7823-E56D-480D-9BCD-12BB2BBA1040}.Release|x64.Build.0 = Release|x64
		{EC2F7823-E56D-480D-9BCD-12BB2BBA1040}.Release|x86.ActiveCfg = Release|Win32
		{EC2F7823-E56D-480D-9BCD-12BB2BBA1040}.Release|x86.Build.0 = Release|Win32
	EndGlobalSection
	GlobalSection(SolutionProperties) = preSolution
		HideSolutionNode = FALSE
	EndGlobalSection
	GlobalSection(ExtensibilityGlobals) = postSolution
		SolutionGuid = {28468D74-6661-422C-B1A4-AD2198AC5286}
	EndGlobalSection
EndGlobal
