
Microsoft Visual Studio Solution File, Format Version 12.00
# Visual Studio Version 17
VisualStudioVersion = 17.9.34723.18
MinimumVisualStudioVersion = 10.0.40219.1
Project("{8BC9CEB8-8B4A-11D0-8D11-00A0C91BC942}") = "Test16", "Test16\Test16.vcxproj", "{A28436E6-E0FD-4CC6-8458-A772E2C2D187}"
EndProject
Global
	GlobalSection(SolutionConfigurationPlatforms) = preSolution
		Debug|x64 = Debug|x64
		Debug|x86 = Debug|x86
		Release|x64 = Release|x64
		Release|x86 = Release|x86
	EndGlobalSection
	GlobalSection(ProjectConfigurationPlatforms) = postSolution
		{A28436E6-E0FD-4CC6-8458-A772E2C2D187}.Debug|x64.ActiveCfg = Debug|x64
		{A28436E6-E0FD-4CC6-8458-A772E2C2D187}.Debug|x64.Build.0 = Debug|x64
		{A28436E6-E0FD-4CC6-8458-A772E2C2D187}.Debug|x86.ActiveCfg = Debug|Win32
		{A28436E6-E0FD-4CC6-8458-A772E2C2D187}.Debug|x86.Build.0 = Debug|Win32
		{A28436E6-E0FD-4CC6-8458-A772E2C2D187}.Release|x64.ActiveCfg = Release|x64
		{A28436E6-E0FD-4CC6-8458-A772E2C2D187}.Release|x64.Build.0 = Release|x64
		{A28436E6-E0FD-4CC6-8458-A772E2C2D187}.Release|x86.ActiveCfg = Release|Win32
		{A28436E6-E0FD-4CC6-8458-A772E2C2D187}.Release|x86.Build.0 = Release|Win32
	EndGlobalSection
	GlobalSection(SolutionProperties) = preSolution
		HideSolutionNode = FALSE
	EndGlobalSection
	GlobalSection(ExtensibilityGlobals) = postSolution
		SolutionGuid = {D6D18F05-8100-4609-A45A-8AC8527B739D}
	EndGlobalSection
EndGlobal
