
Microsoft Visual Studio Solution File, Format Version 12.00
# Visual Studio Version 17
VisualStudioVersion = 17.9.34723.18
MinimumVisualStudioVersion = 10.0.40219.1
Project("{8BC9CEB8-8B4A-11D0-8D11-00A0C91BC942}") = "Test38", "Test38\Test38.vcxproj", "{B21C4F6E-217E-4274-B433-2CE077C5067A}"
EndProject
Global
	GlobalSection(SolutionConfigurationPlatforms) = preSolution
		Debug|x64 = Debug|x64
		Debug|x86 = Debug|x86
		Release|x64 = Release|x64
		Release|x86 = Release|x86
	EndGlobalSection
	GlobalSection(ProjectConfigurationPlatforms) = postSolution
		{B21C4F6E-217E-4274-B433-2CE077C5067A}.Debug|x64.ActiveCfg = Debug|x64
		{B21C4F6E-217E-4274-B433-2CE077C5067A}.Debug|x64.Build.0 = Debug|x64
		{B21C4F6E-217E-4274-B433-2CE077C5067A}.Debug|x86.ActiveCfg = Debug|Win32
		{B21C4F6E-217E-4274-B433-2CE077C5067A}.Debug|x86.Build.0 = Debug|Win32
		{B21C4F6E-217E-4274-B433-2CE077C5067A}.Release|x64.ActiveCfg = Release|x64
		{B21C4F6E-217E-4274-B433-2CE077C5067A}.Release|x64.Build.0 = Release|x64
		{B21C4F6E-217E-4274-B433-2CE077C5067A}.Release|x86.ActiveCfg = Release|Win32
		{B21C4F6E-217E-4274-B433-2CE077C5067A}.Release|x86.Build.0 = Release|Win32
	EndGlobalSection
	GlobalSection(SolutionProperties) = preSolution
		HideSolutionNode = FALSE
	EndGlobalSection
	GlobalSection(ExtensibilityGlobals) = postSolution
		SolutionGuid = {B999B922-E45C-46FF-AB80-9D3F3D5FBB30}
	EndGlobalSection
EndGlobal
